<?xml version="1.0" encoding="utf-8"?>
<Project ToolsVersion="4.0" xmlns="http://schemas.microsoft.com/developer/msbuild/2003">
  <ItemGroup>
    <Filter Include="ソース ファイル">
      <UniqueIdentifier>{4FC737F1-C7A5-4376-A066-2A32D752A2FF}</UniqueIdentifier>
      <Extensions>cpp;c;cc;cxx;def;odl;idl;hpj;bat;asm;asmx</Extensions>
    </Filter>
    <Filter Include="ソース ファイル\Boids">
      <UniqueIdentifier>{86c7f457-7a5e-4e04-a029-289427ba9a86}</UniqueIdentifier>
    </Filter>
  </ItemGroup>
  <ItemGroup>
    <ClCompile Include="main.cpp">
      <Filter>ソース ファイル</Filter>
    </ClCompile>
    <ClCompile Include="Camera.cpp">
      <Filter>ソース ファイル</Filter>
    </ClCompile>
    <ClCompile Include="ObstructFloat.cpp">
      <Filter>ソース ファイル</Filter>
    </ClCompile>
    <ClCompile Include="ObstructStatic.cpp">
      <Filter>ソース ファイル</Filter>
    </ClCompile>
    <ClCompile Include="Player.cpp">
      <Filter>ソース ファイル</Filter>
    </ClCompile>
    <ClCompile Include="Stage.cpp">
      <Filter>ソース ファイル</Filter>
    </ClCompile>
    <ClCompile Include="BoidsBase.cpp">
      <Filter>ソース ファイル\Boids</Filter>
    </ClCompile>
    <ClCompile Include="BoidsManager.cpp">
      <Filter>ソース ファイル\Boids</Filter>
    </ClCompile>
    <ClCompile Include="PlayerBase.cpp">
      <Filter>ソース ファイル</Filter>
    </ClCompile>
  </ItemGroup>
  <ItemGroup>
    <ClInclude Include="Camera.h">
      <Filter>ソース ファイル</Filter>
    </ClInclude>
    <ClInclude Include="ObstructFloat.h">
      <Filter>ソース ファイル</Filter>
    </ClInclude>
    <ClInclude Include="ObstructStatic.h">
      <Filter>ソース ファイル</Filter>
    </ClInclude>
    <ClInclude Include="Player.h">
      <Filter>ソース ファイル</Filter>
    </ClInclude>
    <ClInclude Include="Stage.h">
      <Filter>ソース ファイル</Filter>
    </ClInclude>
    <ClInclude Include="BoidsBase.h">
      <Filter>ソース ファイル\Boids</Filter>
    </ClInclude>
    <ClInclude Include="BoidsManager.h">
      <Filter>ソース ファイル\Boids</Filter>
    </ClInclude>
    <ClInclude Include="PlayerBase.h">
      <Filter>ソース ファイル</Filter>
    </ClInclude>
  </ItemGroup>
</Project>